
Microsoft Visual Studio Solution File, Format Version 12.00
# Visual Studio Version 16
VisualStudioVersion = 16.0.30114.105
MinimumVisualStudioVersion = 10.0.40219.1
Project("{FAE04EC0-301F-11D3-BF4B-00C04F79EFBC}") = "EncryptFile", "EncryptFile\EncryptFile.csproj", "{791BC528-D7DE-41AE-A7B9-13905E85291B}"
EndProject
Global
	GlobalSection(SolutionConfigurationPlatforms) = preSolution
		Debug|Any CPU = Debug|Any CPU
		Release|Any CPU = Release|Any CPU
	EndGlobalSection
	GlobalSection(ProjectConfigurationPlatforms) = postSolution
		{791BC528-D7DE-41AE-A7B9-13905E85291B}.Debug|Any CPU.ActiveCfg = Debug|Any CPU
		{791BC528-D7DE-41AE-A7B9-13905E85291B}.Debug|Any CPU.Build.0 = Debug|Any CPU
		{791BC528-D7DE-41AE-A7B9-13905E85291B}.Release|Any CPU.ActiveCfg = Release|Any CPU
		{791BC528-D7DE-41AE-A7B9-13905E85291B}.Release|Any CPU.Build.0 = Release|Any CPU
	EndGlobalSection
	GlobalSection(SolutionProperties) = preSolution
		HideSolutionNode = FALSE
	EndGlobalSection
	GlobalSection(ExtensibilityGlobals) = postSolution
		SolutionGuid = {04DA278D-ABE2-4691-9CA1-0DABF8949AFC}
	EndGlobalSection
EndGlobal
